
Microsoft Visual Studio Solution File, Format Version 12.00
# Visual Studio 15
Project("{FAE04EC0-301F-11D3-BF4B-00C04F79EFBC}") = "Words.API", "Words.API\Words.API.csproj", "{CBC52C81-E8E9-4601-9881-21A678E367B9}"
EndProject
Project("{FAE04EC0-301F-11D3-BF4B-00C04F79EFBC}") = "Words.Test", "Words.Test\Words.Test.csproj", "{E70E5A8D-FE59-4650-9ACA-4F4239B0AB76}"
EndProject
Project("{2150E333-8FDC-42A3-9474-1A3956D46DE8}") = "Solution Items", "Solution Items", "{80814D25-09AD-43B5-B5D4-3FE1761F44E9}"
	ProjectSection(SolutionItems) = preProject
		.editorconfig = .editorconfig
	EndProjectSection
EndProject
Project("{FAE04EC0-301F-11D3-BF4B-00C04F79EFBC}") = "FilterWordList", "FilterWordList\FilterWordList.csproj", "{233C4660-0F2F-4F60-98DF-122D4AB48503}"
EndProject
Global
	GlobalSection(SolutionConfigurationPlatforms) = preSolution
		Debug|Any CPU = Debug|Any CPU
		Release|Any CPU = Release|Any CPU
	EndGlobalSection
	GlobalSection(ProjectConfigurationPlatforms) = postSolution
		{CBC52C81-E8E9-4601-9881-21A678E367B9}.Debug|Any CPU.ActiveCfg = Debug|Any CPU
		{CBC52C81-E8E9-4601-9881-21A678E367B9}.Debug|Any CPU.Build.0 = Debug|Any CPU
		{CBC52C81-E8E9-4601-9881-21A678E367B9}.Release|Any CPU.ActiveCfg = Release|Any CPU
		{CBC52C81-E8E9-4601-9881-21A678E367B9}.Release|Any CPU.Build.0 = Release|Any CPU
		{E70E5A8D-FE59-4650-9ACA-4F4239B0AB76}.Debug|Any CPU.ActiveCfg = Debug|Any CPU
		{E70E5A8D-FE59-4650-9ACA-4F4239B0AB76}.Debug|Any CPU.Build.0 = Debug|Any CPU
		{E70E5A8D-FE59-4650-9ACA-4F4239B0AB76}.Release|Any CPU.ActiveCfg = Release|Any CPU
		{E70E5A8D-FE59-4650-9ACA-4F4239B0AB76}.Release|Any CPU.Build.0 = Release|Any CPU
		{233C4660-0F2F-4F60-98DF-122D4AB48503}.Debug|Any CPU.ActiveCfg = Debug|Any CPU
		{233C4660-0F2F-4F60-98DF-122D4AB48503}.Debug|Any CPU.Build.0 = Debug|Any CPU
		{233C4660-0F2F-4F60-98DF-122D4AB48503}.Release|Any CPU.ActiveCfg = Release|Any CPU
		{233C4660-0F2F-4F60-98DF-122D4AB48503}.Release|Any CPU.Build.0 = Release|Any CPU
	EndGlobalSection
EndGlobal
